
Microsoft Visual Studio Solution File, Format Version 12.00
# Visual Studio Version 16
VisualStudioVersion = 16.0.31105.61
MinimumVisualStudioVersion = 10.0.40219.1
Project("{FAE04EC0-301F-11D3-BF4B-00C04F79EFBC}") = "scottish-hockey-reference.Server", "Server\scottish-hockey-reference.Server.csproj", "{8D9571B2-12E8-4379-B1CA-18A9FADC7BD6}"
EndProject
Project("{FAE04EC0-301F-11D3-BF4B-00C04F79EFBC}") = "scottish-hockey-reference.Client", "Client\scottish-hockey-reference.Client.csproj", "{4071C216-E250-4298-8C8A-F839019A2216}"
EndProject
Project("{FAE04EC0-301F-11D3-BF4B-00C04F79EFBC}") = "scottish-hockey-reference.Shared", "Shared\scottish-hockey-reference.Shared.csproj", "{DB139CD5-C36D-4841-8219-DD2A35587638}"
EndProject
Global
	GlobalSection(SolutionConfigurationPlatforms) = preSolution
		Debug|Any CPU = Debug|Any CPU
		Release|Any CPU = Release|Any CPU
	EndGlobalSection
	GlobalSection(ProjectConfigurationPlatforms) = postSolution
		{8D9571B2-12E8-4379-B1CA-18A9FADC7BD6}.Debug|Any CPU.ActiveCfg = Debug|Any CPU
		{8D9571B2-12E8-4379-B1CA-18A9FADC7BD6}.Debug|Any CPU.Build.0 = Debug|Any CPU
		{8D9571B2-12E8-4379-B1CA-18A9FADC7BD6}.Release|Any CPU.ActiveCfg = Release|Any CPU
		{8D9571B2-12E8-4379-B1CA-18A9FADC7BD6}.Release|Any CPU.Build.0 = Release|Any CPU
		{4071C216-E250-4298-8C8A-F839019A2216}.Debug|Any CPU.ActiveCfg = Debug|Any CPU
		{4071C216-E250-4298-8C8A-F839019A2216}.Debug|Any CPU.Build.0 = Debug|Any CPU
		{4071C216-E250-4298-8C8A-F839019A2216}.Release|Any CPU.ActiveCfg = Release|Any CPU
		{4071C216-E250-4298-8C8A-F839019A2216}.Release|Any CPU.Build.0 = Release|Any CPU
		{DB139CD5-C36D-4841-8219-DD2A35587638}.Debug|Any CPU.ActiveCfg = Debug|Any CPU
		{DB139CD5-C36D-4841-8219-DD2A35587638}.Debug|Any CPU.Build.0 = Debug|Any CPU
		{DB139CD5-C36D-4841-8219-DD2A35587638}.Release|Any CPU.ActiveCfg = Release|Any CPU
		{DB139CD5-C36D-4841-8219-DD2A35587638}.Release|Any CPU.Build.0 = Release|Any CPU
	EndGlobalSection
	GlobalSection(SolutionProperties) = preSolution
		HideSolutionNode = FALSE
	EndGlobalSection
	GlobalSection(ExtensibilityGlobals) = postSolution
		SolutionGuid = {1191B6E6-519D-44BE-8E48-F99430EC1AFA}
	EndGlobalSection
EndGlobal
